
Microsoft Visual Studio Solution File, Format Version 12.00
# Visual Studio Version 17
VisualStudioVersion = 17.14.36915.13 d17.14
MinimumVisualStudioVersion = 10.0.40219.1
Project("{FAE04EC0-301F-11D3-BF4B-00C04F79EFBC}") = "NwScheduleFormatter", "NwScheduleFormatter\NwScheduleFormatter.csproj", "{846FCF87-3BED-4FD9-BD74-0B3318A29E8C}"
EndProject
Global
	GlobalSection(SolutionConfigurationPlatforms) = preSolution
		Debug|Any CPU = Debug|Any CPU
		Release|Any CPU = Release|Any CPU
	EndGlobalSection
	GlobalSection(ProjectConfigurationPlatforms) = postSolution
		{846FCF87-3BED-4FD9-BD74-0B3318A29E8C}.Debug|Any CPU.ActiveCfg = Debug|Any CPU
		{846FCF87-3BED-4FD9-BD74-0B3318A29E8C}.Debug|Any CPU.Build.0 = Debug|Any CPU
		{846FCF87-3BED-4FD9-BD74-0B3318A29E8C}.Release|Any CPU.ActiveCfg = Release|Any CPU
		{846FCF87-3BED-4FD9-BD74-0B3318A29E8C}.Release|Any CPU.Build.0 = Release|Any CPU
	EndGlobalSection
	GlobalSection(SolutionProperties) = preSolution
		HideSolutionNode = FALSE
	EndGlobalSection
	GlobalSection(ExtensibilityGlobals) = postSolution
		SolutionGuid = {B1759A4D-20C6-4D0B-A0F5-CC3EFD4A0047}
	EndGlobalSection
EndGlobal
